
Microsoft Visual Studio Solution File, Format Version 12.00
# Visual Studio 15
VisualStudioVersion = 15.0.27428.2037
MinimumVisualStudioVersion = 10.0.40219.1
Project("{FAE04EC0-301F-11D3-BF4B-00C04F79EFBC}") = "Csharp_SQLserver_Connect_ConsoleApp", "Csharp_SQLserver_Connect_ConsoleApp\Csharp_SQLserver_Connect_ConsoleApp.csproj", "{157E8F70-864D-4A97-B2A7-E1D859EE5E8D}"
EndProject
Global
	GlobalSection(SolutionConfigurationPlatforms) = preSolution
		Debug|Any CPU = Debug|Any CPU
		Release|Any CPU = Release|Any CPU
	EndGlobalSection
	GlobalSection(ProjectConfigurationPlatforms) = postSolution
		{157E8F70-864D-4A97-B2A7-E1D859EE5E8D}.Debug|Any CPU.ActiveCfg = Debug|Any CPU
		{157E8F70-864D-4A97-B2A7-E1D859EE5E8D}.Debug|Any CPU.Build.0 = Debug|Any CPU
		{157E8F70-864D-4A97-B2A7-E1D859EE5E8D}.Release|Any CPU.ActiveCfg = Release|Any CPU
		{157E8F70-864D-4A97-B2A7-E1D859EE5E8D}.Release|Any CPU.Build.0 = Release|Any CPU
	EndGlobalSection
	GlobalSection(SolutionProperties) = preSolution
		HideSolutionNode = FALSE
	EndGlobalSection
	GlobalSection(ExtensibilityGlobals) = postSolution
		SolutionGuid = {08F9C82C-D4CE-45B5-96D7-CD4485A7647A}
	EndGlobalSection
EndGlobal
